// !$*UTF8*$!
{
	archiveVersion = 1;
	classes = {
	};
	objectVersion = 46;
	objects = {

/* Begin PBXBuildFile section */
		1FACF87C97D68F953ECE365C /* libPods-BaseProject.a in Frameworks */ = {isa = PBXBuildFile; fileRef = 5EAAD623A23724C816F8DC02 /* libPods-BaseProject.a */; };
		3804CE511BD758F10046C8C8 /* AppDelegate+Category.m in Sources */ = {isa = PBXBuildFile; fileRef = 3804CE4A1BD758F10046C8C8 /* AppDelegate+Category.m */; };
		3804CE521BD758F10046C8C8 /* NSObject+Common.m in Sources */ = {isa = PBXBuildFile; fileRef = 3804CE4C1BD758F10046C8C8 /* NSObject+Common.m */; };
		3804CE531BD758F10046C8C8 /* NSString+PJR.m in Sources */ = {isa = PBXBuildFile; fileRef = 3804CE4E1BD758F10046C8C8 /* NSString+PJR.m */; };
		3804CE541BD758F10046C8C8 /* NSString+QRCode.m in Sources */ = {isa = PBXBuildFile; fileRef = 3804CE501BD758F10046C8C8 /* NSString+QRCode.m */; };
		3835CFB71BD90E150024CA48 /* ViewController.m in Sources */ = {isa = PBXBuildFile; fileRef = 3835CFB61BD90E150024CA48 /* ViewController.m */; };
		3879FE811BDFA8E100A99990 /* libsqlite3.0.tbd in Frameworks */ = {isa = PBXBuildFile; fileRef = 3879FE801BDFA8E100A99990 /* libsqlite3.0.tbd */; };
		3886C0981BD748830014E661 /* main.m in Sources */ = {isa = PBXBuildFile; fileRef = 3886C0971BD748830014E661 /* main.m */; };
		3886C09B1BD748830014E661 /* AppDelegate.m in Sources */ = {isa = PBXBuildFile; fileRef = 3886C09A1BD748830014E661 /* AppDelegate.m */; };
		3886C0A11BD748830014E661 /* Main.storyboard in Resources */ = {isa = PBXBuildFile; fileRef = 3886C09F1BD748830014E661 /* Main.storyboard */; };
		3886C0A31BD748830014E661 /* Assets.xcassets in Resources */ = {isa = PBXBuildFile; fileRef = 3886C0A21BD748830014E661 /* Assets.xcassets */; };
		3886C0AE1BD749A00014E661 /* LaunchScreen.xib in Resources */ = {isa = PBXBuildFile; fileRef = 3886C0AD1BD749A00014E661 /* LaunchScreen.xib */; };
		3886C0BB1BD74AE90014E661 /* BaseViewModel.m in Sources */ = {isa = PBXBuildFile; fileRef = 3886C0BA1BD74AE90014E661 /* BaseViewModel.m */; };
		3886C0BE1BD74AFE0014E661 /* BaseNetManager.m in Sources */ = {isa = PBXBuildFile; fileRef = 3886C0BD1BD74AFE0014E661 /* BaseNetManager.m */; };
		3886C0C11BD74B090014E661 /* BaseModel.m in Sources */ = {isa = PBXBuildFile; fileRef = 3886C0C01BD74B090014E661 /* BaseModel.m */; };
		53B17A311BFB9BA2007AE932 /* TuijianDetailCell.m in Sources */ = {isa = PBXBuildFile; fileRef = 53B17A301BFB9BA2007AE932 /* TuijianDetailCell.m */; };
		53DD25631BFCDA700008CF5C /* BrandDetailViewController.m in Sources */ = {isa = PBXBuildFile; fileRef = 53DD25621BFCDA700008CF5C /* BrandDetailViewController.m */; };
		85057BA21BF0A51000938DA1 /* PicViewController.m in Sources */ = {isa = PBXBuildFile; fileRef = 85057BA11BF0A51000938DA1 /* PicViewController.m */; };
		85057BA51BF0AA5200938DA1 /* PicModel.m in Sources */ = {isa = PBXBuildFile; fileRef = 85057BA41BF0AA5200938DA1 /* PicModel.m */; };
		85057BA81BF0AD3D00938DA1 /* PicNetManager.m in Sources */ = {isa = PBXBuildFile; fileRef = 85057BA71BF0AD3D00938DA1 /* PicNetManager.m */; };
		85057BAB1BF0B6A900938DA1 /* PicViewModel.m in Sources */ = {isa = PBXBuildFile; fileRef = 85057BAA1BF0B6A900938DA1 /* PicViewModel.m */; };
		85057BB41BF0BBB100938DA1 /* .gitignore in Resources */ = {isa = PBXBuildFile; fileRef = 85057BAD1BF0BBB100938DA1 /* .gitignore */; };
		85057BB51BF0BBB100938DA1 /* LICENSE in Resources */ = {isa = PBXBuildFile; fileRef = 85057BAE1BF0BBB100938DA1 /* LICENSE */; };
		85057BB61BF0BBB100938DA1 /* PSCollectionView.m in Sources */ = {isa = PBXBuildFile; fileRef = 85057BB01BF0BBB100938DA1 /* PSCollectionView.m */; };
		85057BB71BF0BBB100938DA1 /* PSCollectionViewCell.m in Sources */ = {isa = PBXBuildFile; fileRef = 85057BB21BF0BBB100938DA1 /* PSCollectionViewCell.m */; };
		85057BB81BF0BBB100938DA1 /* README.md in Sources */ = {isa = PBXBuildFile; fileRef = 85057BB31BF0BBB100938DA1 /* README.md */; };
		85057BBB1BF0C77D00938DA1 /* PicListViewController.m in Sources */ = {isa = PBXBuildFile; fileRef = 85057BBA1BF0C77D00938DA1 /* PicListViewController.m */; };
		8508C5451BFB222E006DBA04 /* TuijianDetailViewController.m in Sources */ = {isa = PBXBuildFile; fileRef = 8508C5441BFB222E006DBA04 /* TuijianDetailViewController.m */; };
		8508C5491BFB2313006DBA04 /* iCarousel.m in Sources */ = {isa = PBXBuildFile; fileRef = 8508C5481BFB2313006DBA04 /* iCarousel.m */; };
		8508C54F1BFB5CCC006DBA04 /* TuijianDetailModel.m in Sources */ = {isa = PBXBuildFile; fileRef = 8508C54E1BFB5CCC006DBA04 /* TuijianDetailModel.m */; };
		8508C5521BFB60A5006DBA04 /* TuijianDetailViewModel.m in Sources */ = {isa = PBXBuildFile; fileRef = 8508C5511BFB60A5006DBA04 /* TuijianDetailViewModel.m */; };
		85159A211BF0223C00927523 /* LeftViewController.m in Sources */ = {isa = PBXBuildFile; fileRef = 85159A201BF0223C00927523 /* LeftViewController.m */; };
		85159A241BF024D700927523 /* Factory.m in Sources */ = {isa = PBXBuildFile; fileRef = 85159A231BF024D700927523 /* Factory.m */; };
		85159A301BF0616400927523 /* TuijianCell.m in Sources */ = {isa = PBXBuildFile; fileRef = 85159A2F1BF0616400927523 /* TuijianCell.m */; };
		851C34E11BFC1AFC007E461B /* ChineseInclude.m in Sources */ = {isa = PBXBuildFile; fileRef = 851C34D11BFC1AFC007E461B /* ChineseInclude.m */; };
		851C34E21BFC1AFC007E461B /* ChineseToPinyinResource.m in Sources */ = {isa = PBXBuildFile; fileRef = 851C34D31BFC1AFC007E461B /* ChineseToPinyinResource.m */; };
		851C34E31BFC1AFC007E461B /* HanyuPinyinOutputFormat.m in Sources */ = {isa = PBXBuildFile; fileRef = 851C34D51BFC1AFC007E461B /* HanyuPinyinOutputFormat.m */; };
		851C34E41BFC1AFC007E461B /* NSString+PinYin4Cocoa.m in Sources */ = {isa = PBXBuildFile; fileRef = 851C34D71BFC1AFC007E461B /* NSString+PinYin4Cocoa.m */; };
		851C34E51BFC1AFC007E461B /* PinyinFormatter.m in Sources */ = {isa = PBXBuildFile; fileRef = 851C34D91BFC1AFC007E461B /* PinyinFormatter.m */; };
		851C34E61BFC1AFC007E461B /* PinYinForObjc.m in Sources */ = {isa = PBXBuildFile; fileRef = 851C34DB1BFC1AFC007E461B /* PinYinForObjc.m */; };
		851C34E71BFC1AFC007E461B /* PinyinHelper.m in Sources */ = {isa = PBXBuildFile; fileRef = 851C34DD1BFC1AFC007E461B /* PinyinHelper.m */; };
		851C34E81BFC1AFC007E461B /* unicode_to_hanyu_pinyin.txt in Resources */ = {isa = PBXBuildFile; fileRef = 851C34DE1BFC1AFC007E461B /* unicode_to_hanyu_pinyin.txt */; };
		851C34E91BFC1AFC007E461B /* ZYPinYinSearch.m in Sources */ = {isa = PBXBuildFile; fileRef = 851C34E01BFC1AFC007E461B /* ZYPinYinSearch.m */; };
		851C35061BFC1D40007E461B /* ButtonGroupView.m in Sources */ = {isa = PBXBuildFile; fileRef = 851C34EC1BFC1D40007E461B /* ButtonGroupView.m */; };
		851C35071BFC1D40007E461B /* CityButton.m in Sources */ = {isa = PBXBuildFile; fileRef = 851C34EE1BFC1D40007E461B /* CityButton.m */; };
		851C35081BFC1D40007E461B /* citydict.plist in Resources */ = {isa = PBXBuildFile; fileRef = 851C34EF1BFC1D40007E461B /* citydict.plist */; };
		851C35091BFC1D40007E461B /* CityItem.m in Sources */ = {isa = PBXBuildFile; fileRef = 851C34F11BFC1D40007E461B /* CityItem.m */; };
		851C350A1BFC1D40007E461B /* CityListViewController.m in Sources */ = {isa = PBXBuildFile; fileRef = 851C34F31BFC1D40007E461B /* CityListViewController.m */; };
		851C351D1BFC7560007E461B /* CompanyDetailViewController.m in Sources */ = {isa = PBXBuildFile; fileRef = 851C351C1BFC7560007E461B /* CompanyDetailViewController.m */; };
		851C35201BFCAD07007E461B /* ActivityDetailViewController.m in Sources */ = {isa = PBXBuildFile; fileRef = 851C351F1BFCAD07007E461B /* ActivityDetailViewController.m */; };
		855865991BF2135400C1D078 /* TRImageView.m in Sources */ = {isa = PBXBuildFile; fileRef = 855865981BF2135400C1D078 /* TRImageView.m */; };
		8558659C1BF21AB200C1D078 /* CompanyViewController.m in Sources */ = {isa = PBXBuildFile; fileRef = 8558659B1BF21AB200C1D078 /* CompanyViewController.m */; };
		8560A0151BE79581009774AF /* TuijianModel.m in Sources */ = {isa = PBXBuildFile; fileRef = 8560A0141BE79581009774AF /* TuijianModel.m */; };
		8560A0181BE796C6009774AF /* TuijianNetManager.m in Sources */ = {isa = PBXBuildFile; fileRef = 8560A0171BE796C6009774AF /* TuijianNetManager.m */; };
		8560A01B1BE79AB6009774AF /* TuijianViewModel.m in Sources */ = {isa = PBXBuildFile; fileRef = 8560A01A1BE79AB6009774AF /* TuijianViewModel.m */; };
		859D41C71BFD751A00BEF8C2 /* SMS_SDKLocalizable.strings in Resources */ = {isa = PBXBuildFile; fileRef = 859D41C21BFD751A00BEF8C2 /* SMS_SDKLocalizable.strings */; };
		859D41C81BFD751A00BEF8C2 /* MOBFoundation.framework in Frameworks */ = {isa = PBXBuildFile; fileRef = 859D41C41BFD751A00BEF8C2 /* MOBFoundation.framework */; };
		859D41C91BFD751A00BEF8C2 /* SMS_SDK.framework in Frameworks */ = {isa = PBXBuildFile; fileRef = 859D41C51BFD751A00BEF8C2 /* SMS_SDK.framework */; };
		859D41CB1BFD755500BEF8C2 /* libicucore.tbd in Frameworks */ = {isa = PBXBuildFile; fileRef = 859D41CA1BFD755500BEF8C2 /* libicucore.tbd */; };
		859D41CD1BFD756200BEF8C2 /* libz.tbd in Frameworks */ = {isa = PBXBuildFile; fileRef = 859D41CC1BFD756200BEF8C2 /* libz.tbd */; };
		859D41CF1BFD756900BEF8C2 /* MessageUI.framework in Frameworks */ = {isa = PBXBuildFile; fileRef = 859D41CE1BFD756900BEF8C2 /* MessageUI.framework */; };
		859D41D11BFD757200BEF8C2 /* JavaScriptCore.framework in Frameworks */ = {isa = PBXBuildFile; fileRef = 859D41D01BFD757200BEF8C2 /* JavaScriptCore.framework */; };
		859D41D31BFD757E00BEF8C2 /* libstdc++.tbd in Frameworks */ = {isa = PBXBuildFile; fileRef = 859D41D21BFD757E00BEF8C2 /* libstdc++.tbd */; };
		859D41D61BFD75A100BEF8C2 /* AddressBook.framework in Frameworks */ = {isa = PBXBuildFile; fileRef = 859D41D41BFD75A100BEF8C2 /* AddressBook.framework */; };
		859D41D71BFD75A100BEF8C2 /* AddressBookUI.framework in Frameworks */ = {isa = PBXBuildFile; fileRef = 859D41D51BFD75A100BEF8C2 /* AddressBookUI.framework */; };
		859D41DA1BFD76C800BEF8C2 /* FreeDetailViewController.m in Sources */ = {isa = PBXBuildFile; fileRef = 859D41D91BFD76C800BEF8C2 /* FreeDetailViewController.m */; };
		859D41DD1BFDACE200BEF8C2 /* SubmitViewController.m in Sources */ = {isa = PBXBuildFile; fileRef = 859D41DC1BFDACE200BEF8C2 /* SubmitViewController.m */; };
		859D41E01BFDC86500BEF8C2 /* applyViewController.m in Sources */ = {isa = PBXBuildFile; fileRef = 859D41DF1BFDC86500BEF8C2 /* applyViewController.m */; };
		85D243601BF1B02E0012F644 /* companyModel.m in Sources */ = {isa = PBXBuildFile; fileRef = 85D2435F1BF1B02E0012F644 /* companyModel.m */; };
		85D243631BF1B2090012F644 /* companyNetManager.m in Sources */ = {isa = PBXBuildFile; fileRef = 85D243621BF1B2090012F644 /* companyNetManager.m */; };
		85D243661BF1B4CA0012F644 /* CompanyViewModel.m in Sources */ = {isa = PBXBuildFile; fileRef = 85D243651BF1B4CA0012F644 /* CompanyViewModel.m */; };
		85D243691BF1B5F70012F644 /* CompanyCell.m in Sources */ = {isa = PBXBuildFile; fileRef = 85D243681BF1B5F70012F644 /* CompanyCell.m */; };
		85F1E9671BF9662400F2F3E5 /* ActivityModel.m in Sources */ = {isa = PBXBuildFile; fileRef = 85F1E9661BF9662400F2F3E5 /* ActivityModel.m */; };
		85F1E96D1BF969AA00F2F3E5 /* ActivityViewModel.m in Sources */ = {isa = PBXBuildFile; fileRef = 85F1E96C1BF969AA00F2F3E5 /* ActivityViewModel.m */; };
		85F1E9711BF971AC00F2F3E5 /* ActivityViewController.m in Sources */ = {isa = PBXBuildFile; fileRef = 85F1E9701BF971AC00F2F3E5 /* ActivityViewController.m */; };
		85F1E9741BF97E2300F2F3E5 /* ActivityCell.m in Sources */ = {isa = PBXBuildFile; fileRef = 85F1E9731BF97E2300F2F3E5 /* ActivityCell.m */; };
		85F1E9C71BF9CE7900F2F3E5 /* city.plist in Resources */ = {isa = PBXBuildFile; fileRef = 85F1E9C61BF9CE7900F2F3E5 /* city.plist */; };
		85F1EA111BF9DACF00F2F3E5 /* lingganModel.m in Sources */ = {isa = PBXBuildFile; fileRef = 85F1EA101BF9DACF00F2F3E5 /* lingganModel.m */; };
		85F1EA141BF9F12200F2F3E5 /* LingganVIewModel.m in Sources */ = {isa = PBXBuildFile; fileRef = 85F1EA131BF9F12200F2F3E5 /* LingganVIewModel.m */; };
		85F1EA171BF9FDE200F2F3E5 /* LingganCell.m in Sources */ = {isa = PBXBuildFile; fileRef = 85F1EA161BF9FDE200F2F3E5 /* LingganCell.m */; };
		85F1EA1A1BFA04C200F2F3E5 /* LingganViewController.m in Sources */ = {isa = PBXBuildFile; fileRef = 85F1EA191BFA04C200F2F3E5 /* LingganViewController.m */; };
		85F1EA1D1BFA0F2300F2F3E5 /* BrandViewController.m in Sources */ = {isa = PBXBuildFile; fileRef = 85F1EA1C1BFA0F2300F2F3E5 /* BrandViewController.m */; };
		85F1EA201BFA108D00F2F3E5 /* FreeViewController.m in Sources */ = {isa = PBXBuildFile; fileRef = 85F1EA1F1BFA108D00F2F3E5 /* FreeViewController.m */; };
		85F779031BE83D4300354BDA /* ScrollDisplayViewController.m in Sources */ = {isa = PBXBuildFile; fileRef = 85F779021BE83D4300354BDA /* ScrollDisplayViewController.m */; };
/* End PBXBuildFile section */

/* Begin PBXFileReference section */
		3804CE491BD758F10046C8C8 /* AppDelegate+Category.h */ = {isa = PBXFileReference; fileEncoding = 4; lastKnownFileType = sourcecode.c.h; path = "AppDelegate+Category.h"; sourceTree = "<group>"; };
		3804CE4A1BD758F10046C8C8 /* AppDelegate+Category.m */ = {isa = PBXFileReference; fileEncoding = 4; lastKnownFileType = sourcecode.c.objc; path = "AppDelegate+Category.m"; sourceTree = "<group>"; };
		3804CE4B1BD758F10046C8C8 /* NSObject+Common.h */ = {isa = PBXFileReference; fileEncoding = 4; lastKnownFileType = sourcecode.c.h; path = "NSObject+Common.h"; sourceTree = "<group>"; };
		3804CE4C1BD758F10046C8C8 /* NSObject+Common.m */ = {isa = PBXFileReference; fileEncoding = 4; lastKnownFileType = sourcecode.c.objc; path = "NSObject+Common.m"; sourceTree = "<group>"; };
		3804CE4D1BD758F10046C8C8 /* NSString+PJR.h */ = {isa = PBXFileReference; fileEncoding = 4; lastKnownFileType = sourcecode.c.h; path = "NSString+PJR.h"; sourceTree = "<group>"; };
		3804CE4E1BD758F10046C8C8 /* NSString+PJR.m */ = {isa = PBXFileReference; fileEncoding = 4; lastKnownFileType = sourcecode.c.objc; path = "NSString+PJR.m"; sourceTree = "<group>"; };
		3804CE4F1BD758F10046C8C8 /* NSString+QRCode.h */ = {isa = PBXFileReference; fileEncoding = 4; lastKnownFileType = sourcecode.c.h; path = "NSString+QRCode.h"; sourceTree = "<group>"; };
		3804CE501BD758F10046C8C8 /* NSString+QRCode.m */ = {isa = PBXFileReference; fileEncoding = 4; lastKnownFileType = sourcecode.c.objc; path = "NSString+QRCode.m"; sourceTree = "<group>"; };
		3835CFB51BD90E150024CA48 /* ViewController.h */ = {isa = PBXFileReference; fileEncoding = 4; lastKnownFileType = sourcecode.c.h; path = ViewController.h; sourceTree = "<group>"; };
		3835CFB61BD90E150024CA48 /* ViewController.m */ = {isa = PBXFileReference; fileEncoding = 4; lastKnownFileType = sourcecode.c.objc; path = ViewController.m; sourceTree = "<group>"; };
		3879FE801BDFA8E100A99990 /* libsqlite3.0.tbd */ = {isa = PBXFileReference; lastKnownFileType = "sourcecode.text-based-dylib-definition"; name = libsqlite3.0.tbd; path = usr/lib/libsqlite3.0.tbd; sourceTree = SDKROOT; };
		3879FE9D1BDFDD2400A99990 /* zh-Hans */ = {isa = PBXFileReference; lastKnownFileType = text.plist.strings; name = "zh-Hans"; path = "zh-Hans.lproj/Main.strings"; sourceTree = "<group>"; };
		3886C0931BD748830014E661 /* BaseProject.app */ = {isa = PBXFileReference; explicitFileType = wrapper.application; includeInIndex = 0; path = BaseProject.app; sourceTree = BUILT_PRODUCTS_DIR; };
		3886C0971BD748830014E661 /* main.m */ = {isa = PBXFileReference; lastKnownFileType = sourcecode.c.objc; path = main.m; sourceTree = "<group>"; };
		3886C0991BD748830014E661 /* AppDelegate.h */ = {isa = PBXFileReference; lastKnownFileType = sourcecode.c.h; path = AppDelegate.h; sourceTree = "<group>"; };
		3886C09A1BD748830014E661 /* AppDelegate.m */ = {isa = PBXFileReference; lastKnownFileType = sourcecode.c.objc; path = AppDelegate.m; sourceTree = "<group>"; };
		3886C0A01BD748830014E661 /* Base */ = {isa = PBXFileReference; lastKnownFileType = file.storyboard; name = Base; path = Base.lproj/Main.storyboard; sourceTree = "<group>"; };
		3886C0A21BD748830014E661 /* Assets.xcassets */ = {isa = PBXFileReference; lastKnownFileType = folder.assetcatalog; name = Assets.xcassets; path = ../Assets.xcassets; sourceTree = "<group>"; };
		3886C0A71BD748830014E661 /* Info.plist */ = {isa = PBXFileReference; lastKnownFileType = text.plist.xml; path = Info.plist; sourceTree = "<group>"; };
		3886C0AD1BD749A00014E661 /* LaunchScreen.xib */ = {isa = PBXFileReference; fileEncoding = 4; lastKnownFileType = file.xib; name = LaunchScreen.xib; path = ../LaunchScreen.xib; sourceTree = "<group>"; };
		3886C0B81BD74A700014E661 /* PrefixHeader.pch */ = {isa = PBXFileReference; lastKnownFileType = sourcecode.c.h; path = PrefixHeader.pch; sourceTree = "<group>"; };
		3886C0B91BD74AE90014E661 /* BaseViewModel.h */ = {isa = PBXFileReference; fileEncoding = 4; lastKnownFileType = sourcecode.c.h; path = BaseViewModel.h; sourceTree = "<group>"; };
		3886C0BA1BD74AE90014E661 /* BaseViewModel.m */ = {isa = PBXFileReference; fileEncoding = 4; lastKnownFileType = sourcecode.c.objc; path = BaseViewModel.m; sourceTree = "<group>"; };
		3886C0BC1BD74AFE0014E661 /* BaseNetManager.h */ = {isa = PBXFileReference; fileEncoding = 4; lastKnownFileType = sourcecode.c.h; path = BaseNetManager.h; sourceTree = "<group>"; };
		3886C0BD1BD74AFE0014E661 /* BaseNetManager.m */ = {isa = PBXFileReference; fileEncoding = 4; lastKnownFileType = sourcecode.c.objc; path = BaseNetManager.m; sourceTree = "<group>"; };
		3886C0BF1BD74B090014E661 /* BaseModel.h */ = {isa = PBXFileReference; fileEncoding = 4; lastKnownFileType = sourcecode.c.h; path = BaseModel.h; sourceTree = "<group>"; };
		3886C0C01BD74B090014E661 /* BaseModel.m */ = {isa = PBXFileReference; fileEncoding = 4; lastKnownFileType = sourcecode.c.objc; path = BaseModel.m; sourceTree = "<group>"; };
		3886C0C21BD74B430014E661 /* Constants.h */ = {isa = PBXFileReference; lastKnownFileType = sourcecode.c.h; path = Constants.h; sourceTree = "<group>"; };
		4329DABFE5AD654FE71597C9 /* Pods-BaseProject.debug.xcconfig */ = {isa = PBXFileReference; includeInIndex = 1; lastKnownFileType = text.xcconfig; name = "Pods-BaseProject.debug.xcconfig"; path = "Pods/Target Support Files/Pods-BaseProject/Pods-BaseProject.debug.xcconfig"; sourceTree = "<group>"; };
		53B17A2F1BFB9BA2007AE932 /* TuijianDetailCell.h */ = {isa = PBXFileReference; fileEncoding = 4; lastKnownFileType = sourcecode.c.h; path = TuijianDetailCell.h; sourceTree = "<group>"; };
		53B17A301BFB9BA2007AE932 /* TuijianDetailCell.m */ = {isa = PBXFileReference; fileEncoding = 4; lastKnownFileType = sourcecode.c.objc; path = TuijianDetailCell.m; sourceTree = "<group>"; };
		53DD25611BFCDA700008CF5C /* BrandDetailViewController.h */ = {isa = PBXFileReference; fileEncoding = 4; lastKnownFileType = sourcecode.c.h; path = BrandDetailViewController.h; sourceTree = "<group>"; };
		53DD25621BFCDA700008CF5C /* BrandDetailViewController.m */ = {isa = PBXFileReference; fileEncoding = 4; lastKnownFileType = sourcecode.c.objc; path = BrandDetailViewController.m; sourceTree = "<group>"; };
		5EAAD623A23724C816F8DC02 /* libPods-BaseProject.a */ = {isa = PBXFileReference; explicitFileType = archive.ar; includeInIndex = 0; path = "libPods-BaseProject.a"; sourceTree = BUILT_PRODUCTS_DIR; };
		85057BA01BF0A51000938DA1 /* PicViewController.h */ = {isa = PBXFileReference; fileEncoding = 4; lastKnownFileType = sourcecode.c.h; path = PicViewController.h; sourceTree = "<group>"; };
		85057BA11BF0A51000938DA1 /* PicViewController.m */ = {isa = PBXFileReference; fileEncoding = 4; lastKnownFileType = sourcecode.c.objc; path = PicViewController.m; sourceTree = "<group>"; };
		85057BA31BF0AA5200938DA1 /* PicModel.h */ = {isa = PBXFileReference; fileEncoding = 4; lastKnownFileType = sourcecode.c.h; path = PicModel.h; sourceTree = "<group>"; };
		85057BA41BF0AA5200938DA1 /* PicModel.m */ = {isa = PBXFileReference; fileEncoding = 4; lastKnownFileType = sourcecode.c.objc; path = PicModel.m; sourceTree = "<group>"; };
		85057BA61BF0AD3D00938DA1 /* PicNetManager.h */ = {isa = PBXFileReference; fileEncoding = 4; lastKnownFileType = sourcecode.c.h; path = PicNetManager.h; sourceTree = "<group>"; };
		85057BA71BF0AD3D00938DA1 /* PicNetManager.m */ = {isa = PBXFileReference; fileEncoding = 4; lastKnownFileType = sourcecode.c.objc; path = PicNetManager.m; sourceTree = "<group>"; };
		85057BA91BF0B6A900938DA1 /* PicViewModel.h */ = {isa = PBXFileReference; fileEncoding = 4; lastKnownFileType = sourcecode.c.h; path = PicViewModel.h; sourceTree = "<group>"; };
		85057BAA1BF0B6A900938DA1 /* PicViewModel.m */ = {isa = PBXFileReference; fileEncoding = 4; lastKnownFileType = sourcecode.c.objc; path = PicViewModel.m; sourceTree = "<group>"; };
		85057BAD1BF0BBB100938DA1 /* .gitignore */ = {isa = PBXFileReference; fileEncoding = 4; lastKnownFileType = text; path = .gitignore; sourceTree = "<group>"; };
		85057BAE1BF0BBB100938DA1 /* LICENSE */ = {isa = PBXFileReference; fileEncoding = 4; lastKnownFileType = text; path = LICENSE; sourceTree = "<group>"; };
		85057BAF1BF0BBB100938DA1 /* PSCollectionView.h */ = {isa = PBXFileReference; fileEncoding = 4; lastKnownFileType = sourcecode.c.h; path = PSCollectionView.h; sourceTree = "<group>"; };
		85057BB01BF0BBB100938DA1 /* PSCollectionView.m */ = {isa = PBXFileReference; fileEncoding = 4; lastKnownFileType = sourcecode.c.objc; path = PSCollectionView.m; sourceTree = "<group>"; };
		85057BB11BF0BBB100938DA1 /* PSCollectionViewCell.h */ = {isa = PBXFileReference; fileEncoding = 4; lastKnownFileType = sourcecode.c.h; path = PSCollectionViewCell.h; sourceTree = "<group>"; };
		85057BB21BF0BBB100938DA1 /* PSCollectionViewCell.m */ = {isa = PBXFileReference; fileEncoding = 4; lastKnownFileType = sourcecode.c.objc; path = PSCollectionViewCell.m; sourceTree = "<group>"; };
		85057BB31BF0BBB100938DA1 /* README.md */ = {isa = PBXFileReference; fileEncoding = 4; lastKnownFileType = net.daringfireball.markdown; path = README.md; sourceTree = "<group>"; };
		85057BB91BF0C77D00938DA1 /* PicListViewController.h */ = {isa = PBXFileReference; fileEncoding = 4; lastKnownFileType = sourcecode.c.h; path = PicListViewController.h; sourceTree = "<group>"; };
		85057BBA1BF0C77D00938DA1 /* PicListViewController.m */ = {isa = PBXFileReference; fileEncoding = 4; lastKnownFileType = sourcecode.c.objc; path = PicListViewController.m; sourceTree = "<group>"; };
		8508C5431BFB222E006DBA04 /* TuijianDetailViewController.h */ = {isa = PBXFileReference; fileEncoding = 4; lastKnownFileType = sourcecode.c.h; path = TuijianDetailViewController.h; sourceTree = "<group>"; };
		8508C5441BFB222E006DBA04 /* TuijianDetailViewController.m */ = {isa = PBXFileReference; fileEncoding = 4; lastKnownFileType = sourcecode.c.objc; path = TuijianDetailViewController.m; sourceTree = "<group>"; };
		8508C5471BFB2313006DBA04 /* iCarousel.h */ = {isa = PBXFileReference; fileEncoding = 4; lastKnownFileType = sourcecode.c.h; path = iCarousel.h; sourceTree = "<group>"; };
		8508C5481BFB2313006DBA04 /* iCarousel.m */ = {isa = PBXFileReference; fileEncoding = 4; lastKnownFileType = sourcecode.c.objc; path = iCarousel.m; sourceTree = "<group>"; };
		8508C54D1BFB5CCC006DBA04 /* TuijianDetailModel.h */ = {isa = PBXFileReference; fileEncoding = 4; lastKnownFileType = sourcecode.c.h; path = TuijianDetailModel.h; sourceTree = "<group>"; };
		8508C54E1BFB5CCC006DBA04 /* TuijianDetailModel.m */ = {isa = PBXFileReference; fileEncoding = 4; lastKnownFileType = sourcecode.c.objc; path = TuijianDetailModel.m; sourceTree = "<group>"; };
		8508C5501BFB60A5006DBA04 /* TuijianDetailViewModel.h */ = {isa = PBXFileReference; fileEncoding = 4; lastKnownFileType = sourcecode.c.h; path = TuijianDetailViewModel.h; sourceTree = "<group>"; };
		8508C5511BFB60A5006DBA04 /* TuijianDetailViewModel.m */ = {isa = PBXFileReference; fileEncoding = 4; lastKnownFileType = sourcecode.c.objc; path = TuijianDetailViewModel.m; sourceTree = "<group>"; };
		85159A1F1BF0223C00927523 /* LeftViewController.h */ = {isa = PBXFileReference; fileEncoding = 4; lastKnownFileType = sourcecode.c.h; path = LeftViewController.h; sourceTree = "<group>"; };
		85159A201BF0223C00927523 /* LeftViewController.m */ = {isa = PBXFileReference; fileEncoding = 4; lastKnownFileType = sourcecode.c.objc; path = LeftViewController.m; sourceTree = "<group>"; };
		85159A221BF024D700927523 /* Factory.h */ = {isa = PBXFileReference; fileEncoding = 4; lastKnownFileType = sourcecode.c.h; path = Factory.h; sourceTree = "<group>"; };
		85159A231BF024D700927523 /* Factory.m */ = {isa = PBXFileReference; fileEncoding = 4; lastKnownFileType = sourcecode.c.objc; path = Factory.m; sourceTree = "<group>"; };
		85159A2E1BF0616400927523 /* TuijianCell.h */ = {isa = PBXFileReference; fileEncoding = 4; lastKnownFileType = sourcecode.c.h; path = TuijianCell.h; sourceTree = "<group>"; };
		85159A2F1BF0616400927523 /* TuijianCell.m */ = {isa = PBXFileReference; fileEncoding = 4; lastKnownFileType = sourcecode.c.objc; path = TuijianCell.m; sourceTree = "<group>"; };
		851C34D01BFC1AFC007E461B /* ChineseInclude.h */ = {isa = PBXFileReference; fileEncoding = 4; lastKnownFileType = sourcecode.c.h; path = ChineseInclude.h; sourceTree = "<group>"; };
		851C34D11BFC1AFC007E461B /* ChineseInclude.m */ = {isa = PBXFileReference; fileEncoding = 4; lastKnownFileType = sourcecode.c.objc; path = ChineseInclude.m; sourceTree = "<group>"; };
		851C34D21BFC1AFC007E461B /* ChineseToPinyinResource.h */ = {isa = PBXFileReference; fileEncoding = 4; lastKnownFileType = sourcecode.c.h; path = ChineseToPinyinResource.h; sourceTree = "<group>"; };
		851C34D31BFC1AFC007E461B /* ChineseToPinyinResource.m */ = {isa = PBXFileReference; fileEncoding = 4; lastKnownFileType = sourcecode.c.objc; path = ChineseToPinyinResource.m; sourceTree = "<group>"; };
		851C34D41BFC1AFC007E461B /* HanyuPinyinOutputFormat.h */ = {isa = PBXFileReference; fileEncoding = 4; lastKnownFileType = sourcecode.c.h; path = HanyuPinyinOutputFormat.h; sourceTree = "<group>"; };
		851C34D51BFC1AFC007E461B /* HanyuPinyinOutputFormat.m */ = {isa = PBXFileReference; fileEncoding = 4; lastKnownFileType = sourcecode.c.objc; path = HanyuPinyinOutputFormat.m; sourceTree = "<group>"; };
		851C34D61BFC1AFC007E461B /* NSString+PinYin4Cocoa.h */ = {isa = PBXFileReference; fileEncoding = 4; lastKnownFileType = sourcecode.c.h; path = "NSString+PinYin4Cocoa.h"; sourceTree = "<group>"; };
		851C34D71BFC1AFC007E461B /* NSString+PinYin4Cocoa.m */ = {isa = PBXFileReference; fileEncoding = 4; lastKnownFileType = sourcecode.c.objc; path = "NSString+PinYin4Cocoa.m"; sourceTree = "<group>"; };
		851C34D81BFC1AFC007E461B /* PinyinFormatter.h */ = {isa = PBXFileReference; fileEncoding = 4; lastKnownFileType = sourcecode.c.h; path = PinyinFormatter.h; sourceTree = "<group>"; };
		851C34D91BFC1AFC007E461B /* PinyinFormatter.m */ = {isa = PBXFileReference; fileEncoding = 4; lastKnownFileType = sourcecode.c.objc; path = PinyinFormatter.m; sourceTree = "<group>"; };
		851C34DA1BFC1AFC007E461B /* PinYinForObjc.h */ = {isa = PBXFileReference; fileEncoding = 4; lastKnownFileType = sourcecode.c.h; path = PinYinForObjc.h; sourceTree = "<group>"; };
		851C34DB1BFC1AFC007E461B /* PinYinForObjc.m */ = {isa = PBXFileReference; fileEncoding = 4; lastKnownFileType = sourcecode.c.objc; path = PinYinForObjc.m; sourceTree = "<group>"; };
		851C34DC1BFC1AFC007E461B /* PinyinHelper.h */ = {isa = PBXFileReference; fileEncoding = 4; lastKnownFileType = sourcecode.c.h; path = PinyinHelper.h; sourceTree = "<group>"; };
		851C34DD1BFC1AFC007E461B /* PinyinHelper.m */ = {isa = PBXFileReference; fileEncoding = 4; lastKnownFileType = sourcecode.c.objc; path = PinyinHelper.m; sourceTree = "<group>"; };
		851C34DE1BFC1AFC007E461B /* unicode_to_hanyu_pinyin.txt */ = {isa = PBXFileReference; fileEncoding = 4; lastKnownFileType = text; path = unicode_to_hanyu_pinyin.txt; sourceTree = "<group>"; };
		851C34DF1BFC1AFC007E461B /* ZYPinYinSearch.h */ = {isa = PBXFileReference; fileEncoding = 4; lastKnownFileType = sourcecode.c.h; path = ZYPinYinSearch.h; sourceTree = "<group>"; };
		851C34E01BFC1AFC007E461B /* ZYPinYinSearch.m */ = {isa = PBXFileReference; fileEncoding = 4; lastKnownFileType = sourcecode.c.objc; path = ZYPinYinSearch.m; sourceTree = "<group>"; };
		851C34EB1BFC1D40007E461B /* ButtonGroupView.h */ = {isa = PBXFileReference; fileEncoding = 4; lastKnownFileType = sourcecode.c.h; path = ButtonGroupView.h; sourceTree = "<group>"; };
		851C34EC1BFC1D40007E461B /* ButtonGroupView.m */ = {isa = PBXFileReference; fileEncoding = 4; lastKnownFileType = sourcecode.c.objc; path = ButtonGroupView.m; sourceTree = "<group>"; };
		851C34ED1BFC1D40007E461B /* CityButton.h */ = {isa = PBXFileReference; fileEncoding = 4; lastKnownFileType = sourcecode.c.h; path = CityButton.h; sourceTree = "<group>"; };
		851C34EE1BFC1D40007E461B /* CityButton.m */ = {isa = PBXFileReference; fileEncoding = 4; lastKnownFileType = sourcecode.c.objc; path = CityButton.m; sourceTree = "<group>"; };
		851C34EF1BFC1D40007E461B /* citydict.plist */ = {isa = PBXFileReference; fileEncoding = 4; lastKnownFileType = text.plist.xml; path = citydict.plist; sourceTree = "<group>"; };
		851C34F01BFC1D40007E461B /* CityItem.h */ = {isa = PBXFileReference; fileEncoding = 4; lastKnownFileType = sourcecode.c.h; path = CityItem.h; sourceTree = "<group>"; };
		851C34F11BFC1D40007E461B /* CityItem.m */ = {isa = PBXFileReference; fileEncoding = 4; lastKnownFileType = sourcecode.c.objc; path = CityItem.m; sourceTree = "<group>"; };
		851C34F21BFC1D40007E461B /* CityListViewController.h */ = {isa = PBXFileReference; fileEncoding = 4; lastKnownFileType = sourcecode.c.h; path = CityListViewController.h; sourceTree = "<group>"; };
		851C34F31BFC1D40007E461B /* CityListViewController.m */ = {isa = PBXFileReference; fileEncoding = 4; lastKnownFileType = sourcecode.c.objc; path = CityListViewController.m; sourceTree = "<group>"; };
		851C351B1BFC7560007E461B /* CompanyDetailViewController.h */ = {isa = PBXFileReference; fileEncoding = 4; lastKnownFileType = sourcecode.c.h; path = CompanyDetailViewController.h; sourceTree = "<group>"; };
		851C351C1BFC7560007E461B /* CompanyDetailViewController.m */ = {isa = PBXFileReference; fileEncoding = 4; lastKnownFileType = sourcecode.c.objc; path = CompanyDetailViewController.m; sourceTree = "<group>"; };
		851C351E1BFCAD07007E461B /* ActivityDetailViewController.h */ = {isa = PBXFileReference; fileEncoding = 4; lastKnownFileType = sourcecode.c.h; path = ActivityDetailViewController.h; sourceTree = "<group>"; };
		851C351F1BFCAD07007E461B /* ActivityDetailViewController.m */ = {isa = PBXFileReference; fileEncoding = 4; lastKnownFileType = sourcecode.c.objc; path = ActivityDetailViewController.m; sourceTree = "<group>"; };
		855865971BF2135400C1D078 /* TRImageView.h */ = {isa = PBXFileReference; fileEncoding = 4; lastKnownFileType = sourcecode.c.h; path = TRImageView.h; sourceTree = "<group>"; };
		855865981BF2135400C1D078 /* TRImageView.m */ = {isa = PBXFileReference; fileEncoding = 4; lastKnownFileType = sourcecode.c.objc; path = TRImageView.m; sourceTree = "<group>"; };
		8558659A1BF21AB200C1D078 /* CompanyViewController.h */ = {isa = PBXFileReference; fileEncoding = 4; lastKnownFileType = sourcecode.c.h; path = CompanyViewController.h; sourceTree = "<group>"; };
		8558659B1BF21AB200C1D078 /* CompanyViewController.m */ = {isa = PBXFileReference; fileEncoding = 4; lastKnownFileType = sourcecode.c.objc; path = CompanyViewController.m; sourceTree = "<group>"; };
		8560A0131BE79581009774AF /* TuijianModel.h */ = {isa = PBXFileReference; fileEncoding = 4; lastKnownFileType = sourcecode.c.h; path = TuijianModel.h; sourceTree = "<group>"; };
		8560A0141BE79581009774AF /* TuijianModel.m */ = {isa = PBXFileReference; fileEncoding = 4; lastKnownFileType = sourcecode.c.objc; path = TuijianModel.m; sourceTree = "<group>"; };
		8560A0161BE796C6009774AF /* TuijianNetManager.h */ = {isa = PBXFileReference; fileEncoding = 4; lastKnownFileType = sourcecode.c.h; path = TuijianNetManager.h; sourceTree = "<group>"; };
		8560A0171BE796C6009774AF /* TuijianNetManager.m */ = {isa = PBXFileReference; fileEncoding = 4; lastKnownFileType = sourcecode.c.objc; path = TuijianNetManager.m; sourceTree = "<group>"; };
		8560A0191BE79AB6009774AF /* TuijianViewModel.h */ = {isa = PBXFileReference; fileEncoding = 4; lastKnownFileType = sourcecode.c.h; path = TuijianViewModel.h; sourceTree = "<group>"; };
		8560A01A1BE79AB6009774AF /* TuijianViewModel.m */ = {isa = PBXFileReference; fileEncoding = 4; lastKnownFileType = sourcecode.c.objc; path = TuijianViewModel.m; sourceTree = "<group>"; };
		859D41C31BFD751A00BEF8C2 /* en */ = {isa = PBXFileReference; lastKnownFileType = text.plist.strings; name = en; path = en.lproj/SMS_SDKLocalizable.strings; sourceTree = "<group>"; };
		859D41C41BFD751A00BEF8C2 /* MOBFoundation.framework */ = {isa = PBXFileReference; lastKnownFileType = wrapper.framework; path = MOBFoundation.framework; sourceTree = "<group>"; };
		859D41C51BFD751A00BEF8C2 /* SMS_SDK.framework */ = {isa = PBXFileReference; lastKnownFileType = wrapper.framework; path = SMS_SDK.framework; sourceTree = "<group>"; };
		859D41C61BFD751A00BEF8C2 /* zh-Hans */ = {isa = PBXFileReference; lastKnownFileType = text.plist.strings; name = "zh-Hans"; path = "zh-Hans.lproj/SMS_SDKLocalizable.strings"; sourceTree = "<group>"; };
		859D41CA1BFD755500BEF8C2 /* libicucore.tbd */ = {isa = PBXFileReference; lastKnownFileType = "sourcecode.text-based-dylib-definition"; name = libicucore.tbd; path = usr/lib/libicucore.tbd; sourceTree = SDKROOT; };
		859D41CC1BFD756200BEF8C2 /* libz.tbd */ = {isa = PBXFileReference; lastKnownFileType = "sourcecode.text-based-dylib-definition"; name = libz.tbd; path = usr/lib/libz.tbd; sourceTree = SDKROOT; };
		859D41CE1BFD756900BEF8C2 /* MessageUI.framework */ = {isa = PBXFileReference; lastKnownFileType = wrapper.framework; name = MessageUI.framework; path = System/Library/Frameworks/MessageUI.framework; sourceTree = SDKROOT; };
		859D41D01BFD757200BEF8C2 /* JavaScriptCore.framework */ = {isa = PBXFileReference; lastKnownFileType = wrapper.framework; name = JavaScriptCore.framework; path = System/Library/Frameworks/JavaScriptCore.framework; sourceTree = SDKROOT; };
		859D41D21BFD757E00BEF8C2 /* libstdc++.tbd */ = {isa = PBXFileReference; lastKnownFileType = "sourcecode.text-based-dylib-definition"; name = "libstdc++.tbd"; path = "usr/lib/libstdc++.tbd"; sourceTree = SDKROOT; };
		859D41D41BFD75A100BEF8C2 /* AddressBook.framework */ = {isa = PBXFileReference; lastKnownFileType = wrapper.framework; name = AddressBook.framework; path = System/Library/Frameworks/AddressBook.framework; sourceTree = SDKROOT; };
		859D41D51BFD75A100BEF8C2 /* AddressBookUI.framework */ = {isa = PBXFileReference; lastKnownFileType = wrapper.framework; name = AddressBookUI.framework; path = System/Library/Frameworks/AddressBookUI.framework; sourceTree = SDKROOT; };
		859D41D81BFD76C800BEF8C2 /* FreeDetailViewController.h */ = {isa = PBXFileReference; fileEncoding = 4; lastKnownFileType = sourcecode.c.h; path = FreeDetailViewController.h; sourceTree = "<group>"; };
		859D41D91BFD76C800BEF8C2 /* FreeDetailViewController.m */ = {isa = PBXFileReference; fileEncoding = 4; lastKnownFileType = sourcecode.c.objc; path = FreeDetailViewController.m; sourceTree = "<group>"; };
		859D41DB1BFDACE200BEF8C2 /* SubmitViewController.h */ = {isa = PBXFileReference; fileEncoding = 4; lastKnownFileType = sourcecode.c.h; path = SubmitViewController.h; sourceTree = "<group>"; };
		859D41DC1BFDACE200BEF8C2 /* SubmitViewController.m */ = {isa = PBXFileReference; fileEncoding = 4; lastKnownFileType = sourcecode.c.objc; path = SubmitViewController.m; sourceTree = "<group>"; };
		859D41DE1BFDC86500BEF8C2 /* applyViewController.h */ = {isa = PBXFileReference; fileEncoding = 4; lastKnownFileType = sourcecode.c.h; path = applyViewController.h; sourceTree = "<group>"; };
		859D41DF1BFDC86500BEF8C2 /* applyViewController.m */ = {isa = PBXFileReference; fileEncoding = 4; lastKnownFileType = sourcecode.c.objc; path = applyViewController.m; sourceTree = "<group>"; };
		85D2435E1BF1B02E0012F644 /* companyModel.h */ = {isa = PBXFileReference; fileEncoding = 4; lastKnownFileType = sourcecode.c.h; path = companyModel.h; sourceTree = "<group>"; };
		85D2435F1BF1B02E0012F644 /* companyModel.m */ = {isa = PBXFileReference; fileEncoding = 4; lastKnownFileType = sourcecode.c.objc; path = companyModel.m; sourceTree = "<group>"; };
		85D243611BF1B2090012F644 /* companyNetManager.h */ = {isa = PBXFileReference; fileEncoding = 4; lastKnownFileType = sourcecode.c.h; path = companyNetManager.h; sourceTree = "<group>"; };
		85D243621BF1B2090012F644 /* companyNetManager.m */ = {isa = PBXFileReference; fileEncoding = 4; lastKnownFileType = sourcecode.c.objc; path = companyNetManager.m; sourceTree = "<group>"; };
		85D243641BF1B4CA0012F644 /* CompanyViewModel.h */ = {isa = PBXFileReference; fileEncoding = 4; lastKnownFileType = sourcecode.c.h; path = CompanyViewModel.h; sourceTree = "<group>"; };
		85D243651BF1B4CA0012F644 /* CompanyViewModel.m */ = {isa = PBXFileReference; fileEncoding = 4; lastKnownFileType = sourcecode.c.objc; path = CompanyViewModel.m; sourceTree = "<group>"; };
		85D243671BF1B5F70012F644 /* CompanyCell.h */ = {isa = PBXFileReference; fileEncoding = 4; lastKnownFileType = sourcecode.c.h; path = CompanyCell.h; sourceTree = "<group>"; };
		85D243681BF1B5F70012F644 /* CompanyCell.m */ = {isa = PBXFileReference; fileEncoding = 4; lastKnownFileType = sourcecode.c.objc; path = CompanyCell.m; sourceTree = "<group>"; };
		85F1E9651BF9662400F2F3E5 /* ActivityModel.h */ = {isa = PBXFileReference; fileEncoding = 4; lastKnownFileType = sourcecode.c.h; path = ActivityModel.h; sourceTree = "<group>"; };
		85F1E9661BF9662400F2F3E5 /* ActivityModel.m */ = {isa = PBXFileReference; fileEncoding = 4; lastKnownFileType = sourcecode.c.objc; path = ActivityModel.m; sourceTree = "<group>"; };
		85F1E96B1BF969AA00F2F3E5 /* ActivityViewModel.h */ = {isa = PBXFileReference; fileEncoding = 4; lastKnownFileType = sourcecode.c.h; path = ActivityViewModel.h; sourceTree = "<group>"; };
		85F1E96C1BF969AA00F2F3E5 /* ActivityViewModel.m */ = {isa = PBXFileReference; fileEncoding = 4; lastKnownFileType = sourcecode.c.objc; path = ActivityViewModel.m; sourceTree = "<group>"; };
		85F1E96F1BF971AC00F2F3E5 /* ActivityViewController.h */ = {isa = PBXFileReference; fileEncoding = 4; lastKnownFileType = sourcecode.c.h; path = ActivityViewController.h; sourceTree = "<group>"; };
		85F1E9701BF971AC00F2F3E5 /* ActivityViewController.m */ = {isa = PBXFileReference; fileEncoding = 4; lastKnownFileType = sourcecode.c.objc; path = ActivityViewController.m; sourceTree = "<group>"; };
		85F1E9721BF97E2300F2F3E5 /* ActivityCell.h */ = {isa = PBXFileReference; fileEncoding = 4; lastKnownFileType = sourcecode.c.h; path = ActivityCell.h; sourceTree = "<group>"; };
		85F1E9731BF97E2300F2F3E5 /* ActivityCell.m */ = {isa = PBXFileReference; fileEncoding = 4; lastKnownFileType = sourcecode.c.objc; path = ActivityCell.m; sourceTree = "<group>"; };
		85F1E9C61BF9CE7900F2F3E5 /* city.plist */ = {isa = PBXFileReference; fileEncoding = 4; lastKnownFileType = text.plist.xml; path = city.plist; sourceTree = "<group>"; };
		85F1EA0F1BF9DACF00F2F3E5 /* lingganModel.h */ = {isa = PBXFileReference; fileEncoding = 4; lastKnownFileType = sourcecode.c.h; path = lingganModel.h; sourceTree = "<group>"; };
		85F1EA101BF9DACF00F2F3E5 /* lingganModel.m */ = {isa = PBXFileReference; fileEncoding = 4; lastKnownFileType = sourcecode.c.objc; path = lingganModel.m; sourceTree = "<group>"; };
		85F1EA121BF9F12200F2F3E5 /* LingganVIewModel.h */ = {isa = PBXFileReference; fileEncoding = 4; lastKnownFileType = sourcecode.c.h; path = LingganVIewModel.h; sourceTree = "<group>"; };
		85F1EA131BF9F12200F2F3E5 /* LingganVIewModel.m */ = {isa = PBXFileReference; fileEncoding = 4; lastKnownFileType = sourcecode.c.objc; path = LingganVIewModel.m; sourceTree = "<group>"; };
		85F1EA151BF9FDE200F2F3E5 /* LingganCell.h */ = {isa = PBXFileReference; fileEncoding = 4; lastKnownFileType = sourcecode.c.h; path = LingganCell.h; sourceTree = "<group>"; };
		85F1EA161BF9FDE200F2F3E5 /* LingganCell.m */ = {isa = PBXFileReference; fileEncoding = 4; lastKnownFileType = sourcecode.c.objc; path = LingganCell.m; sourceTree = "<group>"; };
		85F1EA181BFA04C200F2F3E5 /* LingganViewController.h */ = {isa = PBXFileReference; fileEncoding = 4; lastKnownFileType = sourcecode.c.h; path = LingganViewController.h; sourceTree = "<group>"; };
		85F1EA191BFA04C200F2F3E5 /* LingganViewController.m */ = {isa = PBXFileReference; fileEncoding = 4; lastKnownFileType = sourcecode.c.objc; path = LingganViewController.m; sourceTree = "<group>"; };
		85F1EA1B1BFA0F2300F2F3E5 /* BrandViewController.h */ = {isa = PBXFileReference; fileEncoding = 4; lastKnownFileType = sourcecode.c.h; path = BrandViewController.h; sourceTree = "<group>"; };
		85F1EA1C1BFA0F2300F2F3E5 /* BrandViewController.m */ = {isa = PBXFileReference; fileEncoding = 4; lastKnownFileType = sourcecode.c.objc; path = BrandViewController.m; sourceTree = "<group>"; };
		85F1EA1E1BFA108C00F2F3E5 /* FreeViewController.h */ = {isa = PBXFileReference; fileEncoding = 4; lastKnownFileType = sourcecode.c.h; path = FreeViewController.h; sourceTree = "<group>"; };
		85F1EA1F1BFA108D00F2F3E5 /* FreeViewController.m */ = {isa = PBXFileReference; fileEncoding = 4; lastKnownFileType = sourcecode.c.objc; path = FreeViewController.m; sourceTree = "<group>"; };
		85F779011BE83D4300354BDA /* ScrollDisplayViewController.h */ = {isa = PBXFileReference; fileEncoding = 4; lastKnownFileType = sourcecode.c.h; path = ScrollDisplayViewController.h; sourceTree = "<group>"; };
		85F779021BE83D4300354BDA /* ScrollDisplayViewController.m */ = {isa = PBXFileReference; fileEncoding = 4; lastKnownFileType = sourcecode.c.objc; path = ScrollDisplayViewController.m; sourceTree = "<group>"; };
		DD4F0750B5DAAA87BA236B31 /* Pods-BaseProject.release.xcconfig */ = {isa = PBXFileReference; includeInIndex = 1; lastKnownFileType = text.xcconfig; name = "Pods-BaseProject.release.xcconfig"; path = "Pods/Target Support Files/Pods-BaseProject/Pods-BaseProject.release.xcconfig"; sourceTree = "<group>"; };
/* End PBXFileReference section */

/* Begin PBXFrameworksBuildPhase section */
		3886C0901BD748830014E661 /* Frameworks */ = {
			isa = PBXFrameworksBuildPhase;
			buildActionMask = 2147483647;
			files = (
				859D41D61BFD75A100BEF8C2 /* AddressBook.framework in Frameworks */,
				859D41D71BFD75A100BEF8C2 /* AddressBookUI.framework in Frameworks */,
				859D41D31BFD757E00BEF8C2 /* libstdc++.tbd in Frameworks */,
				859D41D11BFD757200BEF8C2 /* JavaScriptCore.framework in Frameworks */,
				859D41CF1BFD756900BEF8C2 /* MessageUI.framework in Frameworks */,
				859D41CD1BFD756200BEF8C2 /* libz.tbd in Frameworks */,
				859D41CB1BFD755500BEF8C2 /* libicucore.tbd in Frameworks */,
				859D41C81BFD751A00BEF8C2 /* MOBFoundation.framework in Frameworks */,
				859D41C91BFD751A00BEF8C2 /* SMS_SDK.framework in Frameworks */,
				3879FE811BDFA8E100A99990 /* libsqlite3.0.tbd in Frameworks */,
				1FACF87C97D68F953ECE365C /* libPods-BaseProject.a in Frameworks */,
			);
			runOnlyForDeploymentPostprocessing = 0;
		};
/* End PBXFrameworksBuildPhase section */

/* Begin PBXGroup section */
		3804CE481BD758F10046C8C8 /* Category */ = {
			isa = PBXGroup;
			children = (
				3804CE491BD758F10046C8C8 /* AppDelegate+Category.h */,
				3804CE4A1BD758F10046C8C8 /* AppDelegate+Category.m */,
				3804CE4B1BD758F10046C8C8 /* NSObject+Common.h */,
				3804CE4C1BD758F10046C8C8 /* NSObject+Common.m */,
				3804CE4D1BD758F10046C8C8 /* NSString+PJR.h */,
				3804CE4E1BD758F10046C8C8 /* NSString+PJR.m */,
				3804CE4F1BD758F10046C8C8 /* NSString+QRCode.h */,
				3804CE501BD758F10046C8C8 /* NSString+QRCode.m */,
			);
			path = Category;
			sourceTree = "<group>";
		};
		3886C08A1BD748830014E661 = {
			isa = PBXGroup;
			children = (
				3886C0951BD748830014E661 /* BaseProject */,
				3886C0941BD748830014E661 /* Products */,
				DEB62B47C560AA65E07ECFA4 /* Pods */,
				FA3445AEA3874C1D4FE61EAF /* Frameworks */,
			);
			sourceTree = "<group>";
		};
		3886C0941BD748830014E661 /* Products */ = {
			isa = PBXGroup;
			children = (
				3886C0931BD748830014E661 /* BaseProject.app */,
			);
			name = Products;
			sourceTree = "<group>";
		};
		3886C0951BD748830014E661 /* BaseProject */ = {
			isa = PBXGroup;
			children = (
				851C34EA1BFC1D40007E461B /* ChinaCityList */,
				3886C0AF1BD74A4A0014E661 /* Define */,
				3886C0B01BD74A4A0014E661 /* Model */,
				3886C0B11BD74A4A0014E661 /* NetManager */,
				3886C0B21BD74A4A0014E661 /* Resource */,
				3886C0B31BD74A4A0014E661 /* Util */,
				3886C0B41BD74A4A0014E661 /* Vendor */,
				3886C0B61BD74A4A0014E661 /* ViewController */,
				3886C0B51BD74A4A0014E661 /* View */,
				3886C0B71BD74A4A0014E661 /* ViewModel */,
				3886C0991BD748830014E661 /* AppDelegate.h */,
				3886C09A1BD748830014E661 /* AppDelegate.m */,
				3886C0961BD748830014E661 /* Supporting Files */,
			);
			path = BaseProject;
			sourceTree = "<group>";
		};
		3886C0961BD748830014E661 /* Supporting Files */ = {
			isa = PBXGroup;
			children = (
				3886C0A71BD748830014E661 /* Info.plist */,
				3886C0971BD748830014E661 /* main.m */,
			);
			name = "Supporting Files";
			sourceTree = "<group>";
		};
		3886C0AF1BD74A4A0014E661 /* Define */ = {
			isa = PBXGroup;
			children = (
				3886C0C21BD74B430014E661 /* Constants.h */,
			);
			path = Define;
			sourceTree = "<group>";
		};
		3886C0B01BD74A4A0014E661 /* Model */ = {
			isa = PBXGroup;
			children = (
				8508C5361BFB1F88006DBA04 /* 灵感 */,
				8508C5351BFB1F7A006DBA04 /* 活动 */,
				8508C5341BFB1F6A006DBA04 /* 公司 */,
				8508C5331BFB1F5C006DBA04 /* 图库 */,
				8508C5321BFB1F42006DBA04 /* 推荐 */,
				3886C0BF1BD74B090014E661 /* BaseModel.h */,
				3886C0C01BD74B090014E661 /* BaseModel.m */,
			);
			path = Model;
			sourceTree = "<group>";
		};
		3886C0B11BD74A4A0014E661 /* NetManager */ = {
			isa = PBXGroup;
			children = (
				8508C5391BFB1FB4006DBA04 /* 公司 */,
				8508C5381BFB1FA5006DBA04 /* 图片 */,
				8508C5371BFB1F99006DBA04 /* 推荐 */,
				3886C0BC1BD74AFE0014E661 /* BaseNetManager.h */,
				3886C0BD1BD74AFE0014E661 /* BaseNetManager.m */,
			);
			path = NetManager;
			sourceTree = "<group>";
		};
		3886C0B21BD74A4A0014E661 /* Resource */ = {
			isa = PBXGroup;
			children = (
				85F1E9C61BF9CE7900F2F3E5 /* city.plist */,
				3886C0A21BD748830014E661 /* Assets.xcassets */,
				3886C0AD1BD749A00014E661 /* LaunchScreen.xib */,
				3886C09F1BD748830014E661 /* Main.storyboard */,
				3886C0B81BD74A700014E661 /* PrefixHeader.pch */,
			);
			path = Resource;
			sourceTree = "<group>";
		};
		3886C0B31BD74A4A0014E661 /* Util */ = {
			isa = PBXGroup;
			children = (
				85F779001BE83D4300354BDA /* ScrollDisplay */,
				3804CE481BD758F10046C8C8 /* Category */,
				85159A221BF024D700927523 /* Factory.h */,
				85159A231BF024D700927523 /* Factory.m */,
			);
			path = Util;
			sourceTree = "<group>";
		};
		3886C0B41BD74A4A0014E661 /* Vendor */ = {
			isa = PBXGroup;
			children = (
				859D41C11BFD751A00BEF8C2 /* SMS_SDK */,
				851C34CF1BFC1AFC007E461B /* ZYPinYinSearchLib */,
				85057BAC1BF0BBB100938DA1 /* PSCollectionView-master */,
			);
			path = Vendor;
			sourceTree = "<group>";
		};
		3886C0B51BD74A4A0014E661 /* View */ = {
			isa = PBXGroup;
			children = (
				8508C5421BFB202B006DBA04 /* 灵感 */,
				8508C5411BFB2024006DBA04 /* 活动 */,
				8508C5401BFB201E006DBA04 /* 公司 */,
				8508C53F1BFB2018006DBA04 /* 推荐 */,
				855865971BF2135400C1D078 /* TRImageView.h */,
				855865981BF2135400C1D078 /* TRImageView.m */,
			);
			path = View;
			sourceTree = "<group>";
		};
		3886C0B61BD74A4A0014E661 /* ViewController */ = {
			isa = PBXGroup;
			children = (
				8508C5311BFB1EF2006DBA04 /* 方案 */,
				8508C5301BFB1EDA006DBA04 /* 品牌 */,
				8508C52F1BFB1ECD006DBA04 /* 灵感 */,
				8508C52E1BFB1EBD006DBA04 /* 活动 */,
				8508C52D1BFB166D006DBA04 /* 公司 */,
				8508C52C1BFB164E006DBA04 /* 图库 */,
				8508C52B1BFB161A006DBA04 /* 推荐 */,
				85159A1F1BF0223C00927523 /* LeftViewController.h */,
				85159A201BF0223C00927523 /* LeftViewController.m */,
			);
			name = ViewController;
			path = BaseProject/ViewController;
			sourceTree = SOURCE_ROOT;
		};
		3886C0B71BD74A4A0014E661 /* ViewModel */ = {
			isa = PBXGroup;
			children = (
				8508C53E1BFB2000006DBA04 /* 灵感 */,
				8508C53D1BFB1FF4006DBA04 /* 活动 */,
				8508C53C1BFB1FEA006DBA04 /* 公司 */,
				8508C53B1BFB1FD9006DBA04 /* 图库 */,
				8508C53A1BFB1FCE006DBA04 /* 推荐 */,
				3886C0B91BD74AE90014E661 /* BaseViewModel.h */,
				3886C0BA1BD74AE90014E661 /* BaseViewModel.m */,
			);
			path = ViewModel;
			sourceTree = "<group>";
		};
		85057BAC1BF0BBB100938DA1 /* PSCollectionView-master */ = {
			isa = PBXGroup;
			children = (
				8508C5461BFB2313006DBA04 /* iCarousel */,
				85057BAD1BF0BBB100938DA1 /* .gitignore */,
				85057BAE1BF0BBB100938DA1 /* LICENSE */,
				85057BAF1BF0BBB100938DA1 /* PSCollectionView.h */,
				85057BB01BF0BBB100938DA1 /* PSCollectionView.m */,
				85057BB11BF0BBB100938DA1 /* PSCollectionViewCell.h */,
				85057BB21BF0BBB100938DA1 /* PSCollectionViewCell.m */,
				85057BB31BF0BBB100938DA1 /* README.md */,
			);
			path = "PSCollectionView-master";
			sourceTree = "<group>";
		};
		8508C52B1BFB161A006DBA04 /* 推荐 */ = {
			isa = PBXGroup;
			children = (
				3835CFB51BD90E150024CA48 /* ViewController.h */,
				3835CFB61BD90E150024CA48 /* ViewController.m */,
				8508C5431BFB222E006DBA04 /* TuijianDetailViewController.h */,
				8508C5441BFB222E006DBA04 /* TuijianDetailViewController.m */,
			);
			name = "推荐";
			sourceTree = "<group>";
		};
		8508C52C1BFB164E006DBA04 /* 图库 */ = {
			isa = PBXGroup;
			children = (
				85057BA01BF0A51000938DA1 /* PicViewController.h */,
				85057BA11BF0A51000938DA1 /* PicViewController.m */,
				85057BB91BF0C77D00938DA1 /* PicListViewController.h */,
				85057BBA1BF0C77D00938DA1 /* PicListViewController.m */,
			);
			name = "图库";
			sourceTree = "<group>";
		};
		8508C52D1BFB166D006DBA04 /* 公司 */ = {
			isa = PBXGroup;
			children = (
				8558659A1BF21AB200C1D078 /* CompanyViewController.h */,
				8558659B1BF21AB200C1D078 /* CompanyViewController.m */,
				851C351B1BFC7560007E461B /* CompanyDetailViewController.h */,
				851C351C1BFC7560007E461B /* CompanyDetailViewController.m */,
			);
			name = "公司";
			sourceTree = "<group>";
		};
		8508C52E1BFB1EBD006DBA04 /* 活动 */ = {
			isa = PBXGroup;
			children = (
				85F1E96F1BF971AC00F2F3E5 /* ActivityViewController.h */,
				85F1E9701BF971AC00F2F3E5 /* ActivityViewController.m */,
				851C351E1BFCAD07007E461B /* ActivityDetailViewController.h */,
				851C351F1BFCAD07007E461B /* ActivityDetailViewController.m */,
			);
			name = "活动";
			sourceTree = "<group>";
		};
		8508C52F1BFB1ECD006DBA04 /* 灵感 */ = {
			isa = PBXGroup;
			children = (
				85F1EA181BFA04C200F2F3E5 /* LingganViewController.h */,
				85F1EA191BFA04C200F2F3E5 /* LingganViewController.m */,
			);
			name = "灵感";
			sourceTree = "<group>";
		};
		8508C5301BFB1EDA006DBA04 /* 品牌 */ = {
			isa = PBXGroup;
			children = (
				85F1EA1B1BFA0F2300F2F3E5 /* BrandViewController.h */,
				85F1EA1C1BFA0F2300F2F3E5 /* BrandViewController.m */,
				53DD25611BFCDA700008CF5C /* BrandDetailViewController.h */,
				53DD25621BFCDA700008CF5C /* BrandDetailViewController.m */,
			);
			name = "品牌";
			sourceTree = "<group>";
		};
		8508C5311BFB1EF2006DBA04 /* 方案 */ = {
			isa = PBXGroup;
			children = (
				85F1EA1E1BFA108C00F2F3E5 /* FreeViewController.h */,
				85F1EA1F1BFA108D00F2F3E5 /* FreeViewController.m */,
				859D41D81BFD76C800BEF8C2 /* FreeDetailViewController.h */,
				859D41D91BFD76C800BEF8C2 /* FreeDetailViewController.m */,
				859D41DB1BFDACE200BEF8C2 /* SubmitViewController.h */,
				859D41DC1BFDACE200BEF8C2 /* SubmitViewController.m */,
				859D41DE1BFDC86500BEF8C2 /* applyViewController.h */,
				859D41DF1BFDC86500BEF8C2 /* applyViewController.m */,
			);
			name = "方案";
			sourceTree = "<group>";
		};
		8508C5321BFB1F42006DBA04 /* 推荐 */ = {
			isa = PBXGroup;
			children = (
				8560A0131BE79581009774AF /* TuijianModel.h */,
				8560A0141BE79581009774AF /* TuijianModel.m */,
				8508C54D1BFB5CCC006DBA04 /* TuijianDetailModel.h */,
				8508C54E1BFB5CCC006DBA04 /* TuijianDetailModel.m */,
			);
			name = "推荐";
			sourceTree = "<group>";
		};
		8508C5331BFB1F5C006DBA04 /* 图库 */ = {
			isa = PBXGroup;
			children = (
				85057BA31BF0AA5200938DA1 /* PicModel.h */,
				85057BA41BF0AA5200938DA1 /* PicModel.m */,
			);
			name = "图库";
			sourceTree = "<group>";
		};
		8508C5341BFB1F6A006DBA04 /* 公司 */ = {
			isa = PBXGroup;
			children = (
				85D2435E1BF1B02E0012F644 /* companyModel.h */,
				85D2435F1BF1B02E0012F644 /* companyModel.m */,
			);
			name = "公司";
			sourceTree = "<group>";
		};
		8508C5351BFB1F7A006DBA04 /* 活动 */ = {
			isa = PBXGroup;
			children = (
				85F1E9651BF9662400F2F3E5 /* ActivityModel.h */,
				85F1E9661BF9662400F2F3E5 /* ActivityModel.m */,
			);
			name = "活动";
			sourceTree = "<group>";
		};
		8508C5361BFB1F88006DBA04 /* 灵感 */ = {
			isa = PBXGroup;
			children = (
				85F1EA0F1BF9DACF00F2F3E5 /* lingganModel.h */,
				85F1EA101BF9DACF00F2F3E5 /* lingganModel.m */,
			);
			name = "灵感";
			sourceTree = "<group>";
		};
		8508C5371BFB1F99006DBA04 /* 推荐 */ = {
			isa = PBXGroup;
			children = (
				8560A0161BE796C6009774AF /* TuijianNetManager.h */,
				8560A0171BE796C6009774AF /* TuijianNetManager.m */,
			);
			name = "推荐";
			sourceTree = "<group>";
		};
		8508C5381BFB1FA5006DBA04 /* 图片 */ = {
			isa = PBXGroup;
			children = (
				85057BA61BF0AD3D00938DA1 /* PicNetManager.h */,
				85057BA71BF0AD3D00938DA1 /* PicNetManager.m */,
			);
			name = "图片";
			sourceTree = "<group>";
		};
		8508C5391BFB1FB4006DBA04 /* 公司 */ = {
			isa = PBXGroup;
			children = (
				85D243611BF1B2090012F644 /* companyNetManager.h */,
				85D243621BF1B2090012F644 /* companyNetManager.m */,
			);
			name = "公司";
			sourceTree = "<group>";
		};
		8508C53A1BFB1FCE006DBA04 /* 推荐 */ = {
			isa = PBXGroup;
			children = (
				8560A0191BE79AB6009774AF /* TuijianViewModel.h */,
				8560A01A1BE79AB6009774AF /* TuijianViewModel.m */,
				8508C5501BFB60A5006DBA04 /* TuijianDetailViewModel.h */,
				8508C5511BFB60A5006DBA04 /* TuijianDetailViewModel.m */,
			);
			name = "推荐";
			sourceTree = "<group>";
		};
		8508C53B1BFB1FD9006DBA04 /* 图库 */ = {
			isa = PBXGroup;
			children = (
				85057BA91BF0B6A900938DA1 /* PicViewModel.h */,
				85057BAA1BF0B6A900938DA1 /* PicViewModel.m */,
			);
			name = "图库";
			sourceTree = "<group>";
		};
		8508C53C1BFB1FEA006DBA04 /* 公司 */ = {
			isa = PBXGroup;
			children = (
				85D243641BF1B4CA0012F644 /* CompanyViewModel.h */,
				85D243651BF1B4CA0012F644 /* CompanyViewModel.m */,
			);
			name = "公司";
			sourceTree = "<group>";
		};
		8508C53D1BFB1FF4006DBA04 /* 活动 */ = {
			isa = PBXGroup;
			children = (
				85F1E96B1BF969AA00F2F3E5 /* ActivityViewModel.h */,
				85F1E96C1BF969AA00F2F3E5 /* ActivityViewModel.m */,
			);
			name = "活动";
			sourceTree = "<group>";
		};
		8508C53E1BFB2000006DBA04 /* 灵感 */ = {
			isa = PBXGroup;
			children = (
				85F1EA121BF9F12200F2F3E5 /* LingganVIewModel.h */,
				85F1EA131BF9F12200F2F3E5 /* LingganVIewModel.m */,
			);
			name = "灵感";
			sourceTree = "<group>";
		};
		8508C53F1BFB2018006DBA04 /* 推荐 */ = {
			isa = PBXGroup;
			children = (
				85159A2E1BF0616400927523 /* TuijianCell.h */,
				85159A2F1BF0616400927523 /* TuijianCell.m */,
				53B17A2F1BFB9BA2007AE932 /* TuijianDetailCell.h */,
				53B17A301BFB9BA2007AE932 /* TuijianDetailCell.m */,
			);
			name = "推荐";
			sourceTree = "<group>";
		};
		8508C5401BFB201E006DBA04 /* 公司 */ = {
			isa = PBXGroup;
			children = (
				85D243671BF1B5F70012F644 /* CompanyCell.h */,
				85D243681BF1B5F70012F644 /* CompanyCell.m */,
			);
			name = "公司";
			sourceTree = "<group>";
		};
		8508C5411BFB2024006DBA04 /* 活动 */ = {
			isa = PBXGroup;
			children = (
				85F1E9721BF97E2300F2F3E5 /* ActivityCell.h */,
				85F1E9731BF97E2300F2F3E5 /* ActivityCell.m */,
			);
			name = "活动";
			sourceTree = "<group>";
		};
		8508C5421BFB202B006DBA04 /* 灵感 */ = {
			isa = PBXGroup;
			children = (
				85F1EA151BF9FDE200F2F3E5 /* LingganCell.h */,
				85F1EA161BF9FDE200F2F3E5 /* LingganCell.m */,
			);
			name = "灵感";
			sourceTree = "<group>";
		};
		8508C5461BFB2313006DBA04 /* iCarousel */ = {
			isa = PBXGroup;
			children = (
				8508C5471BFB2313006DBA04 /* iCarousel.h */,
				8508C5481BFB2313006DBA04 /* iCarousel.m */,
			);
			path = iCarousel;
			sourceTree = "<group>";
		};
		851C34CF1BFC1AFC007E461B /* ZYPinYinSearchLib */ = {
			isa = PBXGroup;
			children = (
				851C34D01BFC1AFC007E461B /* ChineseInclude.h */,
				851C34D11BFC1AFC007E461B /* ChineseInclude.m */,
				851C34D21BFC1AFC007E461B /* ChineseToPinyinResource.h */,
				851C34D31BFC1AFC007E461B /* ChineseToPinyinResource.m */,
				851C34D41BFC1AFC007E461B /* HanyuPinyinOutputFormat.h */,
				851C34D51BFC1AFC007E461B /* HanyuPinyinOutputFormat.m */,
				851C34D61BFC1AFC007E461B /* NSString+PinYin4Cocoa.h */,
				851C34D71BFC1AFC007E461B /* NSString+PinYin4Cocoa.m */,
				851C34D81BFC1AFC007E461B /* PinyinFormatter.h */,
				851C34D91BFC1AFC007E461B /* PinyinFormatter.m */,
				851C34DA1BFC1AFC007E461B /* PinYinForObjc.h */,
				851C34DB1BFC1AFC007E461B /* PinYinForObjc.m */,
				851C34DC1BFC1AFC007E461B /* PinyinHelper.h */,
				851C34DD1BFC1AFC007E461B /* PinyinHelper.m */,
				851C34DE1BFC1AFC007E461B /* unicode_to_hanyu_pinyin.txt */,
				851C34DF1BFC1AFC007E461B /* ZYPinYinSearch.h */,
				851C34E01BFC1AFC007E461B /* ZYPinYinSearch.m */,
			);
			path = ZYPinYinSearchLib;
			sourceTree = "<group>";
		};
		851C34EA1BFC1D40007E461B /* ChinaCityList */ = {
			isa = PBXGroup;
			children = (
				851C34EB1BFC1D40007E461B /* ButtonGroupView.h */,
				851C34EC1BFC1D40007E461B /* ButtonGroupView.m */,
				851C34ED1BFC1D40007E461B /* CityButton.h */,
				851C34EE1BFC1D40007E461B /* CityButton.m */,
				851C34EF1BFC1D40007E461B /* citydict.plist */,
				851C34F01BFC1D40007E461B /* CityItem.h */,
				851C34F11BFC1D40007E461B /* CityItem.m */,
				851C34F21BFC1D40007E461B /* CityListViewController.h */,
				851C34F31BFC1D40007E461B /* CityListViewController.m */,
			);
			path = ChinaCityList;
			sourceTree = "<group>";
		};
		859D41C11BFD751A00BEF8C2 /* SMS_SDK */ = {
			isa = PBXGroup;
			children = (
				859D41C21BFD751A00BEF8C2 /* SMS_SDKLocalizable.strings */,
				859D41C41BFD751A00BEF8C2 /* MOBFoundation.framework */,
				859D41C51BFD751A00BEF8C2 /* SMS_SDK.framework */,
			);
			path = SMS_SDK;
			sourceTree = "<group>";
		};
		85F779001BE83D4300354BDA /* ScrollDisplay */ = {
			isa = PBXGroup;
			children = (
				85F779011BE83D4300354BDA /* ScrollDisplayViewController.h */,
				85F779021BE83D4300354BDA /* ScrollDisplayViewController.m */,
			);
			path = ScrollDisplay;
			sourceTree = "<group>";
		};
		DEB62B47C560AA65E07ECFA4 /* Pods */ = {
			isa = PBXGroup;
			children = (
				4329DABFE5AD654FE71597C9 /* Pods-BaseProject.debug.xcconfig */,
				DD4F0750B5DAAA87BA236B31 /* Pods-BaseProject.release.xcconfig */,
			);
			name = Pods;
			sourceTree = "<group>";
		};
		FA3445AEA3874C1D4FE61EAF /* Frameworks */ = {
			isa = PBXGroup;
			children = (
				859D41D41BFD75A100BEF8C2 /* AddressBook.framework */,
				859D41D51BFD75A100BEF8C2 /* AddressBookUI.framework */,
				859D41D21BFD757E00BEF8C2 /* libstdc++.tbd */,
				859D41D01BFD757200BEF8C2 /* JavaScriptCore.framework */,
				859D41CE1BFD756900BEF8C2 /* MessageUI.framework */,
				859D41CC1BFD756200BEF8C2 /* libz.tbd */,
				859D41CA1BFD755500BEF8C2 /* libicucore.tbd */,
				3879FE801BDFA8E100A99990 /* libsqlite3.0.tbd */,
				5EAAD623A23724C816F8DC02 /* libPods-BaseProject.a */,
			);
			name = Frameworks;
			sourceTree = "<group>";
		};
/* End PBXGroup section */

/* Begin PBXNativeTarget section */
		3886C0921BD748830014E661 /* BaseProject */ = {
			isa = PBXNativeTarget;
			buildConfigurationList = 3886C0AA1BD748830014E661 /* Build configuration list for PBXNativeTarget "BaseProject" */;
			buildPhases = (
				3BE2C1445115A065F15F14E8 /* Check Pods Manifest.lock */,
				3886C08F1BD748830014E661 /* Sources */,
				3886C0901BD748830014E661 /* Frameworks */,
				3886C0911BD748830014E661 /* Resources */,
				430C310E2266957577983B35 /* Embed Pods Frameworks */,
				D8E8828545C9BEB50A74CA11 /* Copy Pods Resources */,
			);
			buildRules = (
			);
			dependencies = (
			);
			name = BaseProject;
			productName = BaseProject;
			productReference = 3886C0931BD748830014E661 /* BaseProject.app */;
			productType = "com.apple.product-type.application";
		};
/* End PBXNativeTarget section */

/* Begin PBXProject section */
		3886C08B1BD748830014E661 /* Project object */ = {
			isa = PBXProject;
			attributes = {
				LastUpgradeCheck = 0700;
				ORGANIZATIONNAME = Tarena;
				TargetAttributes = {
					3886C0921BD748830014E661 = {
						CreatedOnToolsVersion = 7.0;
						DevelopmentTeam = 2CT8RQW3H5;
					};
				};
			};
			buildConfigurationList = 3886C08E1BD748830014E661 /* Build configuration list for PBXProject "BaseProject" */;
			compatibilityVersion = "Xcode 3.2";
			developmentRegion = English;
			hasScannedForEncodings = 0;
			knownRegions = (
				en,
				Base,
				"zh-Hans",
			);
			mainGroup = 3886C08A1BD748830014E661;
			productRefGroup = 3886C0941BD748830014E661 /* Products */;
			projectDirPath = "";
			projectRoot = "";
			targets = (
				3886C0921BD748830014E661 /* BaseProject */,
			);
		};
/* End PBXProject section */

/* Begin PBXResourcesBuildPhase section */
		3886C0911BD748830014E661 /* Resources */ = {
			isa = PBXResourcesBuildPhase;
			buildActionMask = 2147483647;
			files = (
				85057BB41BF0BBB100938DA1 /* .gitignore in Resources */,
				851C34E81BFC1AFC007E461B /* unicode_to_hanyu_pinyin.txt in Resources */,
				3886C0A31BD748830014E661 /* Assets.xcassets in Resources */,
				3886C0AE1BD749A00014E661 /* LaunchScreen.xib in Resources */,
				3886C0A11BD748830014E661 /* Main.storyboard in Resources */,
				851C35081BFC1D40007E461B /* citydict.plist in Resources */,
				85057BB51BF0BBB100938DA1 /* LICENSE in Resources */,
				859D41C71BFD751A00BEF8C2 /* SMS_SDKLocalizable.strings in Resources */,
				85F1E9C71BF9CE7900F2F3E5 /* city.plist in Resources */,
			);
			runOnlyForDeploymentPostprocessing = 0;
		};
/* End PBXResourcesBuildPhase section */

/* Begin PBXShellScriptBuildPhase section */
		3BE2C1445115A065F15F14E8 /* Check Pods Manifest.lock */ = {
			isa = PBXShellScriptBuildPhase;
			buildActionMask = 2147483647;
			files = (
			);
			inputPaths = (
			);
			name = "Check Pods Manifest.lock";
			outputPaths = (
			);
			runOnlyForDeploymentPostprocessing = 0;
			shellPath = /bin/sh;
			shellScript = "diff \"${PODS_ROOT}/../Podfile.lock\" \"${PODS_ROOT}/Manifest.lock\" > /dev/null\nif [[ $? != 0 ]] ; then\n    cat << EOM\nerror: The sandbox is not in sync with the Podfile.lock. Run 'pod install' or update your CocoaPods installation.\nEOM\n    exit 1\nfi\n";
			showEnvVarsInLog = 0;
		};
		430C310E2266957577983B35 /* Embed Pods Frameworks */ = {
			isa = PBXShellScriptBuildPhase;
			buildActionMask = 2147483647;
			files = (
			);
			inputPaths = (
			);
			name = "Embed Pods Frameworks";
			outputPaths = (
			);
			runOnlyForDeploymentPostprocessing = 0;
			shellPath = /bin/sh;
			shellScript = "\"${SRCROOT}/Pods/Target Support Files/Pods-BaseProject/Pods-BaseProject-frameworks.sh\"\n";
			showEnvVarsInLog = 0;
		};
		D8E8828545C9BEB50A74CA11 /* Copy Pods Resources */ = {
			isa = PBXShellScriptBuildPhase;
			buildActionMask = 2147483647;
			files = (
			);
			inputPaths = (
			);
			name = "Copy Pods Resources";
			outputPaths = (
			);
			runOnlyForDeploymentPostprocessing = 0;
			shellPath = /bin/sh;
			shellScript = "\"${SRCROOT}/Pods/Target Support Files/Pods-BaseProject/Pods-BaseProject-resources.sh\"\n";
			showEnvVarsInLog = 0;
		};
/* End PBXShellScriptBuildPhase section */

/* Begin PBXSourcesBuildPhase section */
		3886C08F1BD748830014E661 /* Sources */ = {
			isa = PBXSourcesBuildPhase;
			buildActionMask = 2147483647;
			files = (
				851C34E71BFC1AFC007E461B /* PinyinHelper.m in Sources */,
				8508C5521BFB60A5006DBA04 /* TuijianDetailViewModel.m in Sources */,
				85057BBB1BF0C77D00938DA1 /* PicListViewController.m in Sources */,
				85159A241BF024D700927523 /* Factory.m in Sources */,
				85057BB61BF0BBB100938DA1 /* PSCollectionView.m in Sources */,
				3886C0BE1BD74AFE0014E661 /* BaseNetManager.m in Sources */,
				8560A01B1BE79AB6009774AF /* TuijianViewModel.m in Sources */,
				851C34E21BFC1AFC007E461B /* ChineseToPinyinResource.m in Sources */,
				53DD25631BFCDA700008CF5C /* BrandDetailViewController.m in Sources */,
				851C35061BFC1D40007E461B /* ButtonGroupView.m in Sources */,
				851C35071BFC1D40007E461B /* CityButton.m in Sources */,
				85159A301BF0616400927523 /* TuijianCell.m in Sources */,
				8558659C1BF21AB200C1D078 /* CompanyViewController.m in Sources */,
				851C35091BFC1D40007E461B /* CityItem.m in Sources */,
				85057BA81BF0AD3D00938DA1 /* PicNetManager.m in Sources */,
				851C34E61BFC1AFC007E461B /* PinYinForObjc.m in Sources */,
				851C34E51BFC1AFC007E461B /* PinyinFormatter.m in Sources */,
				85057BB81BF0BBB100938DA1 /* README.md in Sources */,
				851C34E41BFC1AFC007E461B /* NSString+PinYin4Cocoa.m in Sources */,
				851C350A1BFC1D40007E461B /* CityListViewController.m in Sources */,
				85F779031BE83D4300354BDA /* ScrollDisplayViewController.m in Sources */,
				859D41E01BFDC86500BEF8C2 /* applyViewController.m in Sources */,
				3804CE541BD758F10046C8C8 /* NSString+QRCode.m in Sources */,
				85057BA51BF0AA5200938DA1 /* PicModel.m in Sources */,
				3804CE531BD758F10046C8C8 /* NSString+PJR.m in Sources */,
				3886C09B1BD748830014E661 /* AppDelegate.m in Sources */,
				851C35201BFCAD07007E461B /* ActivityDetailViewController.m in Sources */,
				85057BB71BF0BBB100938DA1 /* PSCollectionViewCell.m in Sources */,
				85F1E9711BF971AC00F2F3E5 /* ActivityViewController.m in Sources */,
				85F1E96D1BF969AA00F2F3E5 /* ActivityViewModel.m in Sources */,
				85F1EA1D1BFA0F2300F2F3E5 /* BrandViewController.m in Sources */,
				53B17A311BFB9BA2007AE932 /* TuijianDetailCell.m in Sources */,
				3835CFB71BD90E150024CA48 /* ViewController.m in Sources */,
				8508C5491BFB2313006DBA04 /* iCarousel.m in Sources */,
				85F1E9741BF97E2300F2F3E5 /* ActivityCell.m in Sources */,
				851C34E91BFC1AFC007E461B /* ZYPinYinSearch.m in Sources */,
				8560A0151BE79581009774AF /* TuijianModel.m in Sources */,
				855865991BF2135400C1D078 /* TRImageView.m in Sources */,
				85D243691BF1B5F70012F644 /* CompanyCell.m in Sources */,
				85D243631BF1B2090012F644 /* companyNetManager.m in Sources */,
				3804CE511BD758F10046C8C8 /* AppDelegate+Category.m in Sources */,
				85159A211BF0223C00927523 /* LeftViewController.m in Sources */,
				851C34E11BFC1AFC007E461B /* ChineseInclude.m in Sources */,
				85F1EA201BFA108D00F2F3E5 /* FreeViewController.m in Sources */,
				851C351D1BFC7560007E461B /* CompanyDetailViewController.m in Sources */,
				3886C0BB1BD74AE90014E661 /* BaseViewModel.m in Sources */,
				85057BA21BF0A51000938DA1 /* PicViewController.m in Sources */,
				8560A0181BE796C6009774AF /* TuijianNetManager.m in Sources */,
				3886C0C11BD74B090014E661 /* BaseModel.m in Sources */,
				85057BAB1BF0B6A900938DA1 /* PicViewModel.m in Sources */,
				8508C5451BFB222E006DBA04 /* TuijianDetailViewController.m in Sources */,
				85D243661BF1B4CA0012F644 /* CompanyViewModel.m in Sources */,
				85F1EA141BF9F12200F2F3E5 /* LingganVIewModel.m in Sources */,
				3886C0981BD748830014E661 /* main.m in Sources */,
				85F1EA111BF9DACF00F2F3E5 /* lingganModel.m in Sources */,
				85F1E9671BF9662400F2F3E5 /* ActivityModel.m in Sources */,
				859D41DA1BFD76C800BEF8C2 /* FreeDetailViewController.m in Sources */,
				8508C54F1BFB5CCC006DBA04 /* TuijianDetailModel.m in Sources */,
				3804CE521BD758F10046C8C8 /* NSObject+Common.m in Sources */,
				859D41DD1BFDACE200BEF8C2 /* SubmitViewController.m in Sources */,
				851C34E31BFC1AFC007E461B /* HanyuPinyinOutputFormat.m in Sources */,
				85D243601BF1B02E0012F644 /* companyModel.m in Sources */,
				85F1EA171BF9FDE200F2F3E5 /* LingganCell.m in Sources */,
				85F1EA1A1BFA04C200F2F3E5 /* LingganViewController.m in Sources */,
			);
			runOnlyForDeploymentPostprocessing = 0;
		};
/* End PBXSourcesBuildPhase section */

/* Begin PBXVariantGroup section */
		3886C09F1BD748830014E661 /* Main.storyboard */ = {
			isa = PBXVariantGroup;
			children = (
				3886C0A01BD748830014E661 /* Base */,
				3879FE9D1BDFDD2400A99990 /* zh-Hans */,
			);
			name = Main.storyboard;
			path = ..;
			sourceTree = "<group>";
		};
		859D41C21BFD751A00BEF8C2 /* SMS_SDKLocalizable.strings */ = {
			isa = PBXVariantGroup;
			children = (
				859D41C31BFD751A00BEF8C2 /* en */,
				859D41C61BFD751A00BEF8C2 /* zh-Hans */,
			);
			name = SMS_SDKLocalizable.strings;
			sourceTree = "<group>";
		};
/* End PBXVariantGroup section */

/* Begin XCBuildConfiguration section */
		3886C0A81BD748830014E661 /* Debug */ = {
			isa = XCBuildConfiguration;
			buildSettings = {
				ALWAYS_SEARCH_USER_PATHS = NO;
				CLANG_CXX_LANGUAGE_STANDARD = "gnu++0x";
				CLANG_CXX_LIBRARY = "libc++";
				CLANG_ENABLE_MODULES = YES;
				CLANG_ENABLE_OBJC_ARC = YES;
				CLANG_WARN_BOOL_CONVERSION = YES;
				CLANG_WARN_CONSTANT_CONVERSION = YES;
				CLANG_WARN_DIRECT_OBJC_ISA_USAGE = YES_ERROR;
				CLANG_WARN_EMPTY_BODY = YES;
				CLANG_WARN_ENUM_CONVERSION = YES;
				CLANG_WARN_INT_CONVERSION = YES;
				CLANG_WARN_OBJC_ROOT_CLASS = YES_ERROR;
				CLANG_WARN_UNREACHABLE_CODE = YES;
				CLANG_WARN__DUPLICATE_METHOD_MATCH = YES;
				"CODE_SIGN_IDENTITY[sdk=iphoneos*]" = "iPhone Developer";
				COPY_PHASE_STRIP = NO;
				DEBUG_INFORMATION_FORMAT = dwarf;
				ENABLE_STRICT_OBJC_MSGSEND = YES;
				ENABLE_TESTABILITY = YES;
				GCC_C_LANGUAGE_STANDARD = gnu99;
				GCC_DYNAMIC_NO_PIC = NO;
				GCC_NO_COMMON_BLOCKS = YES;
				GCC_OPTIMIZATION_LEVEL = 0;
				GCC_PREPROCESSOR_DEFINITIONS = (
					"DEBUG=1",
					"$(inherited)",
				);
				GCC_WARN_64_TO_32_BIT_CONVERSION = YES;
				GCC_WARN_ABOUT_RETURN_TYPE = YES_ERROR;
				GCC_WARN_UNDECLARED_SELECTOR = YES;
				GCC_WARN_UNINITIALIZED_AUTOS = YES_AGGRESSIVE;
				GCC_WARN_UNUSED_FUNCTION = YES;
				GCC_WARN_UNUSED_VARIABLE = YES;
				IPHONEOS_DEPLOYMENT_TARGET = 9.0;
				MTL_ENABLE_DEBUG_INFO = YES;
				ONLY_ACTIVE_ARCH = YES;
				SDKROOT = iphoneos;
			};
			name = Debug;
		};
		3886C0A91BD748830014E661 /* Release */ = {
			isa = XCBuildConfiguration;
			buildSettings = {
				ALWAYS_SEARCH_USER_PATHS = NO;
				CLANG_CXX_LANGUAGE_STANDARD = "gnu++0x";
				CLANG_CXX_LIBRARY = "libc++";
				CLANG_ENABLE_MODULES = YES;
				CLANG_ENABLE_OBJC_ARC = YES;
				CLANG_WARN_BOOL_CONVERSION = YES;
				CLANG_WARN_CONSTANT_CONVERSION = YES;
				CLANG_WARN_DIRECT_OBJC_ISA_USAGE = YES_ERROR;
				CLANG_WARN_EMPTY_BODY = YES;
				CLANG_WARN_ENUM_CONVERSION = YES;
				CLANG_WARN_INT_CONVERSION = YES;
				CLANG_WARN_OBJC_ROOT_CLASS = YES_ERROR;
				CLANG_WARN_UNREACHABLE_CODE = YES;
				CLANG_WARN__DUPLICATE_METHOD_MATCH = YES;
				"CODE_SIGN_IDENTITY[sdk=iphoneos*]" = "iPhone Developer";
				COPY_PHASE_STRIP = NO;
				DEBUG_INFORMATION_FORMAT = "dwarf-with-dsym";
				ENABLE_NS_ASSERTIONS = NO;
				ENABLE_STRICT_OBJC_MSGSEND = YES;
				GCC_C_LANGUAGE_STANDARD = gnu99;
				GCC_NO_COMMON_BLOCKS = YES;
				GCC_WARN_64_TO_32_BIT_CONVERSION = YES;
				GCC_WARN_ABOUT_RETURN_TYPE = YES_ERROR;
				GCC_WARN_UNDECLARED_SELECTOR = YES;
				GCC_WARN_UNINITIALIZED_AUTOS = YES_AGGRESSIVE;
				GCC_WARN_UNUSED_FUNCTION = YES;
				GCC_WARN_UNUSED_VARIABLE = YES;
				IPHONEOS_DEPLOYMENT_TARGET = 9.0;
				MTL_ENABLE_DEBUG_INFO = NO;
				SDKROOT = iphoneos;
				VALIDATE_PRODUCT = YES;
			};
			name = Release;
		};
		3886C0AB1BD748830014E661 /* Debug */ = {
			isa = XCBuildConfiguration;
			baseConfigurationReference = 4329DABFE5AD654FE71597C9 /* Pods-BaseProject.debug.xcconfig */;
			buildSettings = {
				ASSETCATALOG_COMPILER_APPICON_NAME = AppIcon;
				ASSETCATALOG_COMPILER_LAUNCHIMAGE_NAME = LaunchImage;
				CODE_SIGN_IDENTITY = "iPhone Developer";
				FRAMEWORK_SEARCH_PATHS = (
					"$(inherited)",
					"$(PROJECT_DIR)/BaseProject/Vendor/SMS_SDK",
				);
				GCC_PREFIX_HEADER = BaseProject/Resource/PrefixHeader.pch;
				INFOPLIST_FILE = BaseProject/Info.plist;
				IPHONEOS_DEPLOYMENT_TARGET = 7.0;
				LD_RUNPATH_SEARCH_PATHS = "$(inherited) @executable_path/Frameworks";
				PRODUCT_BUNDLE_IDENTIFIER = com.bobo.BaseProject;
				PRODUCT_NAME = "$(TARGET_NAME)";
			};
			name = Debug;
		};
		3886C0AC1BD748830014E661 /* Release */ = {
			isa = XCBuildConfiguration;
			baseConfigurationReference = DD4F0750B5DAAA87BA236B31 /* Pods-BaseProject.release.xcconfig */;
			buildSettings = {
				ASSETCATALOG_COMPILER_APPICON_NAME = AppIcon;
				ASSETCATALOG_COMPILER_LAUNCHIMAGE_NAME = LaunchImage;
				CODE_SIGN_IDENTITY = "iPhone Developer";
				FRAMEWORK_SEARCH_PATHS = (
					"$(inherited)",
					"$(PROJECT_DIR)/BaseProject/Vendor/SMS_SDK",
				);
				GCC_PREFIX_HEADER = BaseProject/Resource/PrefixHeader.pch;
				INFOPLIST_FILE = BaseProject/Info.plist;
				IPHONEOS_DEPLOYMENT_TARGET = 7.0;
				LD_RUNPATH_SEARCH_PATHS = "$(inherited) @executable_path/Frameworks";
				PRODUCT_BUNDLE_IDENTIFIER = com.bobo.BaseProject;
				PRODUCT_NAME = "$(TARGET_NAME)";
			};
			name = Release;
		};
/* End XCBuildConfiguration section */

/* Begin XCConfigurationList section */
		3886C08E1BD748830014E661 /* Build configuration list for PBXProject "BaseProject" */ = {
			isa = XCConfigurationList;
			buildConfigurations = (
				3886C0A81BD748830014E661 /* Debug */,
				3886C0A91BD748830014E661 /* Release */,
			);
			defaultConfigurationIsVisible = 0;
			defaultConfigurationName = Release;
		};
		3886C0AA1BD748830014E661 /* Build configuration list for PBXNativeTarget "BaseProject" */ = {
			isa = XCConfigurationList;
			buildConfigurations = (
				3886C0AB1BD748830014E661 /* Debug */,
				3886C0AC1BD748830014E661 /* Release */,
			);
			defaultConfigurationIsVisible = 0;
			defaultConfigurationName = Release;
		};
/* End XCConfigurationList section */
	};
	rootObject = 3886C08B1BD748830014E661 /* Project object */;
}
